{
  "name": "idom-app-react",
  "version": "0.38.0-a1",
  "lockfileVersion": 2,
  "requires": true,
  "packages": {
    "": {
      "name": "idom-app-react",
      "version": "0.38.0-a1",
      "license": "MIT",
      "dependencies": {
        "idom-client-react": "file:packages/idom-client-react",
        "preact": "^10.7.0"
      },
      "devDependencies": {
        "prettier": "^2.5.1"
      }
    },
    "node_modules/idom-client-react": {
      "resolved": "packages/idom-client-react",
      "link": true
    },
    "node_modules/preact": {
      "version": "10.7.0",
      "resolved": "https://registry.npmjs.org/preact/-/preact-10.7.0.tgz",
      "integrity": "sha512-9MEURwzNMKpAil/t6+wabDIJI6oG6GnwypYxiJDvQnW+fHDTt51PYuLZ1QUM31hFr7sDaj9qTaShAF9VIxuxGQ==",
      "funding": {
        "type": "opencollective",
        "url": "https://opencollective.com/preact"
      }
    },
    "node_modules/prettier": {
      "version": "2.6.1",
      "resolved": "https://registry.npmjs.org/prettier/-/prettier-2.6.1.tgz",
      "integrity": "sha512-8UVbTBYGwN37Bs9LERmxCPjdvPxlEowx2urIL6urHzdb3SDq4B/Z6xLFCblrSnE4iKWcS6ziJ3aOYrc1kz/E2A==",
      "dev": true,
      "bin": {
        "prettier": "bin-prettier.js"
      },
      "engines": {
        "node": ">=10.13.0"
      },
      "funding": {
        "url": "https://github.com/prettier/prettier?sponsor=1"
      }
    },
    "packages/idom-client-react": {}
  },
  "dependencies": {
    "idom-client-react": {
      "version": "file:packages/idom-client-react"
    },
    "preact": {
      "version": "10.7.0",
      "resolved": "https://registry.npmjs.org/preact/-/preact-10.7.0.tgz",
      "integrity": "sha512-9MEURwzNMKpAil/t6+wabDIJI6oG6GnwypYxiJDvQnW+fHDTt51PYuLZ1QUM31hFr7sDaj9qTaShAF9VIxuxGQ=="
    },
    "prettier": {
      "version": "2.6.1",
      "resolved": "https://registry.npmjs.org/prettier/-/prettier-2.6.1.tgz",
      "integrity": "sha512-8UVbTBYGwN37Bs9LERmxCPjdvPxlEowx2urIL6urHzdb3SDq4B/Z6xLFCblrSnE4iKWcS6ziJ3aOYrc1kz/E2A==",
      "dev": true
    }
  }
}
