{
  "name": "idom-docs-example-loader",
  "version": "1.0.0",
  "lockfileVersion": 2,
  "requires": true,
  "packages": {
    "": {
      "name": "idom-docs-example-loader",
      "version": "1.0.0",
      "dependencies": {
        "idom-client-react": "file:../../../src/client/packages/idom-client-react"
      },
      "devDependencies": {
        "@rollup/plugin-commonjs": "^21.0.1",
        "@rollup/plugin-node-resolve": "^13.1.1",
        "@rollup/plugin-replace": "^3.0.0",
        "prettier": "^2.2.1",
        "rollup": "^2.35.1"
      }
    },
    "../../../src/client/packages/idom-client-react": {
      "version": "0.33.3",
      "license": "MIT",
      "dependencies": {
        "fast-json-patch": "^3.0.0-1",
        "htm": "^3.0.3"
      },
      "devDependencies": {
        "jsdom": "16.3.0",
        "prettier": "^2.5.1",
        "uvu": "^0.5.1"
      },
      "peerDependencies": {
        "react": ">=16",
        "react-dom": ">=16"
      }
    },
    "node_modules/@rollup/plugin-commonjs": {
      "version": "21.0.1",
      "dev": true,
      "license": "MIT",
      "dependencies": {
        "@rollup/pluginutils": "^3.1.0",
        "commondir": "^1.0.1",
        "estree-walker": "^2.0.1",
        "glob": "^7.1.6",
        "is-reference": "^1.2.1",
        "magic-string": "^0.25.7",
        "resolve": "^1.17.0"
      },
      "engines": {
        "node": ">= 8.0.0"
      },
      "peerDependencies": {
        "rollup": "^2.38.3"
      }
    },
    "node_modules/@rollup/plugin-commonjs/node_modules/estree-walker": {
      "version": "2.0.2",
      "dev": true,
      "license": "MIT"
    },
    "node_modules/@rollup/plugin-node-resolve": {
      "version": "13.1.1",
      "dev": true,
      "license": "MIT",
      "dependencies": {
        "@rollup/pluginutils": "^3.1.0",
        "@types/resolve": "1.17.1",
        "builtin-modules": "^3.1.0",
        "deepmerge": "^4.2.2",
        "is-module": "^1.0.0",
        "resolve": "^1.19.0"
      },
      "engines": {
        "node": ">= 10.0.0"
      },
      "peerDependencies": {
        "rollup": "^2.42.0"
      }
    },
    "node_modules/@rollup/plugin-node-resolve/node_modules/@types/resolve": {
      "version": "1.17.1",
      "dev": true,
      "license": "MIT",
      "dependencies": {
        "@types/node": "*"
      }
    },
    "node_modules/@rollup/plugin-replace": {
      "version": "3.0.0",
      "dev": true,
      "license": "MIT",
      "dependencies": {
        "@rollup/pluginutils": "^3.1.0",
        "magic-string": "^0.25.7"
      },
      "peerDependencies": {
        "rollup": "^1.20.0 || ^2.0.0"
      }
    },
    "node_modules/@rollup/pluginutils": {
      "version": "3.1.0",
      "dev": true,
      "license": "MIT",
      "dependencies": {
        "@types/estree": "0.0.39",
        "estree-walker": "^1.0.1",
        "picomatch": "^2.2.2"
      },
      "engines": {
        "node": ">= 8.0.0"
      },
      "peerDependencies": {
        "rollup": "^1.20.0||^2.0.0"
      }
    },
    "node_modules/@rollup/pluginutils/node_modules/@types/estree": {
      "version": "0.0.39",
      "dev": true,
      "license": "MIT"
    },
    "node_modules/@rollup/pluginutils/node_modules/estree-walker": {
      "version": "1.0.1",
      "dev": true,
      "license": "MIT"
    },
    "node_modules/@types/estree": {
      "version": "0.0.48",
      "dev": true,
      "license": "MIT"
    },
    "node_modules/@types/node": {
      "version": "15.12.2",
      "dev": true,
      "license": "MIT"
    },
    "node_modules/balanced-match": {
      "version": "1.0.2",
      "dev": true,
      "license": "MIT"
    },
    "node_modules/brace-expansion": {
      "version": "1.1.11",
      "dev": true,
      "license": "MIT",
      "dependencies": {
        "balanced-match": "^1.0.0",
        "concat-map": "0.0.1"
      }
    },
    "node_modules/builtin-modules": {
      "version": "3.2.0",
      "dev": true,
      "license": "MIT",
      "engines": {
        "node": ">=6"
      },
      "funding": {
        "url": "https://github.com/sponsors/sindresorhus"
      }
    },
    "node_modules/commondir": {
      "version": "1.0.1",
      "dev": true,
      "license": "MIT"
    },
    "node_modules/concat-map": {
      "version": "0.0.1",
      "dev": true,
      "license": "MIT"
    },
    "node_modules/deepmerge": {
      "version": "4.2.2",
      "dev": true,
      "license": "MIT",
      "engines": {
        "node": ">=0.10.0"
      }
    },
    "node_modules/fs.realpath": {
      "version": "1.0.0",
      "dev": true,
      "license": "ISC"
    },
    "node_modules/function-bind": {
      "version": "1.1.1",
      "dev": true,
      "license": "MIT"
    },
    "node_modules/glob": {
      "version": "7.2.0",
      "dev": true,
      "license": "ISC",
      "dependencies": {
        "fs.realpath": "^1.0.0",
        "inflight": "^1.0.4",
        "inherits": "2",
        "minimatch": "^3.0.4",
        "once": "^1.3.0",
        "path-is-absolute": "^1.0.0"
      },
      "engines": {
        "node": "*"
      },
      "funding": {
        "url": "https://github.com/sponsors/isaacs"
      }
    },
    "node_modules/has": {
      "version": "1.0.3",
      "dev": true,
      "license": "MIT",
      "dependencies": {
        "function-bind": "^1.1.1"
      },
      "engines": {
        "node": ">= 0.4.0"
      }
    },
    "node_modules/idom-client-react": {
      "resolved": "../../../src/client/packages/idom-client-react",
      "link": true
    },
    "node_modules/inflight": {
      "version": "1.0.6",
      "dev": true,
      "license": "ISC",
      "dependencies": {
        "once": "^1.3.0",
        "wrappy": "1"
      }
    },
    "node_modules/inherits": {
      "version": "2.0.4",
      "dev": true,
      "license": "ISC"
    },
    "node_modules/is-core-module": {
      "version": "2.4.0",
      "dev": true,
      "license": "MIT",
      "dependencies": {
        "has": "^1.0.3"
      },
      "funding": {
        "url": "https://github.com/sponsors/ljharb"
      }
    },
    "node_modules/is-module": {
      "version": "1.0.0",
      "dev": true,
      "license": "MIT"
    },
    "node_modules/is-reference": {
      "version": "1.2.1",
      "dev": true,
      "license": "MIT",
      "dependencies": {
        "@types/estree": "*"
      }
    },
    "node_modules/magic-string": {
      "version": "0.25.7",
      "dev": true,
      "license": "MIT",
      "dependencies": {
        "sourcemap-codec": "^1.4.4"
      }
    },
    "node_modules/minimatch": {
      "version": "3.0.4",
      "dev": true,
      "license": "ISC",
      "dependencies": {
        "brace-expansion": "^1.1.7"
      },
      "engines": {
        "node": "*"
      }
    },
    "node_modules/once": {
      "version": "1.4.0",
      "dev": true,
      "license": "ISC",
      "dependencies": {
        "wrappy": "1"
      }
    },
    "node_modules/path-is-absolute": {
      "version": "1.0.1",
      "dev": true,
      "license": "MIT",
      "engines": {
        "node": ">=0.10.0"
      }
    },
    "node_modules/path-parse": {
      "version": "1.0.7",
      "dev": true,
      "license": "MIT"
    },
    "node_modules/picomatch": {
      "version": "2.3.0",
      "dev": true,
      "license": "MIT",
      "engines": {
        "node": ">=8.6"
      },
      "funding": {
        "url": "https://github.com/sponsors/jonschlinkert"
      }
    },
    "node_modules/prettier": {
      "version": "2.3.1",
      "dev": true,
      "license": "MIT",
      "bin": {
        "prettier": "bin-prettier.js"
      },
      "engines": {
        "node": ">=10.13.0"
      }
    },
    "node_modules/resolve": {
      "version": "1.20.0",
      "dev": true,
      "license": "MIT",
      "dependencies": {
        "is-core-module": "^2.2.0",
        "path-parse": "^1.0.6"
      },
      "funding": {
        "url": "https://github.com/sponsors/ljharb"
      }
    },
    "node_modules/rollup": {
      "version": "2.52.1",
      "dev": true,
      "license": "MIT",
      "bin": {
        "rollup": "dist/bin/rollup"
      },
      "engines": {
        "node": ">=10.0.0"
      },
      "optionalDependencies": {
        "fsevents": "~2.3.2"
      }
    },
    "node_modules/sourcemap-codec": {
      "version": "1.4.8",
      "dev": true,
      "license": "MIT"
    },
    "node_modules/wrappy": {
      "version": "1.0.2",
      "dev": true,
      "license": "ISC"
    }
  },
  "dependencies": {
    "@rollup/plugin-commonjs": {
      "version": "21.0.1",
      "dev": true,
      "requires": {
        "@rollup/pluginutils": "^3.1.0",
        "commondir": "^1.0.1",
        "estree-walker": "^2.0.1",
        "glob": "^7.1.6",
        "is-reference": "^1.2.1",
        "magic-string": "^0.25.7",
        "resolve": "^1.17.0"
      },
      "dependencies": {
        "estree-walker": {
          "version": "2.0.2",
          "dev": true
        }
      }
    },
    "@rollup/plugin-node-resolve": {
      "version": "13.1.1",
      "dev": true,
      "requires": {
        "@rollup/pluginutils": "^3.1.0",
        "@types/resolve": "1.17.1",
        "builtin-modules": "^3.1.0",
        "deepmerge": "^4.2.2",
        "is-module": "^1.0.0",
        "resolve": "^1.19.0"
      },
      "dependencies": {
        "@types/resolve": {
          "version": "1.17.1",
          "dev": true,
          "requires": {
            "@types/node": "*"
          }
        }
      }
    },
    "@rollup/plugin-replace": {
      "version": "3.0.0",
      "dev": true,
      "requires": {
        "@rollup/pluginutils": "^3.1.0",
        "magic-string": "^0.25.7"
      }
    },
    "@rollup/pluginutils": {
      "version": "3.1.0",
      "dev": true,
      "requires": {
        "@types/estree": "0.0.39",
        "estree-walker": "^1.0.1",
        "picomatch": "^2.2.2"
      },
      "dependencies": {
        "@types/estree": {
          "version": "0.0.39",
          "dev": true
        },
        "estree-walker": {
          "version": "1.0.1",
          "dev": true
        }
      }
    },
    "@types/estree": {
      "version": "0.0.48",
      "dev": true
    },
    "@types/node": {
      "version": "15.12.2",
      "dev": true
    },
    "balanced-match": {
      "version": "1.0.2",
      "dev": true
    },
    "brace-expansion": {
      "version": "1.1.11",
      "dev": true,
      "requires": {
        "balanced-match": "^1.0.0",
        "concat-map": "0.0.1"
      }
    },
    "builtin-modules": {
      "version": "3.2.0",
      "dev": true
    },
    "commondir": {
      "version": "1.0.1",
      "dev": true
    },
    "concat-map": {
      "version": "0.0.1",
      "dev": true
    },
    "deepmerge": {
      "version": "4.2.2",
      "dev": true
    },
    "fs.realpath": {
      "version": "1.0.0",
      "dev": true
    },
    "function-bind": {
      "version": "1.1.1",
      "dev": true
    },
    "glob": {
      "version": "7.2.0",
      "dev": true,
      "requires": {
        "fs.realpath": "^1.0.0",
        "inflight": "^1.0.4",
        "inherits": "2",
        "minimatch": "^3.0.4",
        "once": "^1.3.0",
        "path-is-absolute": "^1.0.0"
      }
    },
    "has": {
      "version": "1.0.3",
      "dev": true,
      "requires": {
        "function-bind": "^1.1.1"
      }
    },
    "idom-client-react": {
      "version": "file:../../../src/client/packages/idom-client-react",
      "requires": {
        "fast-json-patch": "^3.0.0-1",
        "htm": "^3.0.3",
        "jsdom": "16.3.0",
        "prettier": "^2.5.1",
        "uvu": "^0.5.1"
      }
    },
    "inflight": {
      "version": "1.0.6",
      "dev": true,
      "requires": {
        "once": "^1.3.0",
        "wrappy": "1"
      }
    },
    "inherits": {
      "version": "2.0.4",
      "dev": true
    },
    "is-core-module": {
      "version": "2.4.0",
      "dev": true,
      "requires": {
        "has": "^1.0.3"
      }
    },
    "is-module": {
      "version": "1.0.0",
      "dev": true
    },
    "is-reference": {
      "version": "1.2.1",
      "dev": true,
      "requires": {
        "@types/estree": "*"
      }
    },
    "magic-string": {
      "version": "0.25.7",
      "dev": true,
      "requires": {
        "sourcemap-codec": "^1.4.4"
      }
    },
    "minimatch": {
      "version": "3.0.4",
      "dev": true,
      "requires": {
        "brace-expansion": "^1.1.7"
      }
    },
    "once": {
      "version": "1.4.0",
      "dev": true,
      "requires": {
        "wrappy": "1"
      }
    },
    "path-is-absolute": {
      "version": "1.0.1",
      "dev": true
    },
    "path-parse": {
      "version": "1.0.7",
      "dev": true
    },
    "picomatch": {
      "version": "2.3.0",
      "dev": true
    },
    "prettier": {
      "version": "2.3.1",
      "dev": true
    },
    "resolve": {
      "version": "1.20.0",
      "dev": true,
      "requires": {
        "is-core-module": "^2.2.0",
        "path-parse": "^1.0.6"
      }
    },
    "rollup": {
      "version": "2.52.1",
      "dev": true,
      "requires": {
        "fsevents": "~2.3.2"
      }
    },
    "sourcemap-codec": {
      "version": "1.4.8",
      "dev": true
    },
    "wrappy": {
      "version": "1.0.2",
      "dev": true
    }
  }
}
